{
  "plugin_type": "extractors",
  "name": "tap-paychex",
  "namespace": "tap_paychex",
  "label": "tap-paychex",
  "pip_url": "-e .",
  "capabilities": [
    "state",
    "catalog",
    "discover",
    "about",
    "stream-maps"
  ],
  "settings_group_validation": [
    [
      "client_id",
      "client_secret"
    ]
  ],
  "settings": [
    {
      "name": "client_id",
      "label": "Client Id",
      "description": "The oAuth Client Id"
    },
    {
      "name": "client_secret",
      "kind": "string",
      "label": "Client Secret",
      "description": "The oAuth Client Secret",
      "sensitive": true
    }
  ]
}
